
Microsoft Visual Studio Solution File, Format Version 12.00
# Visual Studio Version 16
VisualStudioVersion = 16.0.34114.132
MinimumVisualStudioVersion = 10.0.40219.1
Project("{FAE04EC0-301F-11D3-BF4B-00C04F79EFBC}") = "Task_07", "Task_07.csproj", "{899596EA-C646-469F-AA6F-D94FDF89120A}"
EndProject
Global
	GlobalSection(SolutionConfigurationPlatforms) = preSolution
		Debug|Any CPU = Debug|Any CPU
		Release|Any CPU = Release|Any CPU
	EndGlobalSection
	GlobalSection(ProjectConfigurationPlatforms) = postSolution
		{899596EA-C646-469F-AA6F-D94FDF89120A}.Debug|Any CPU.ActiveCfg = Debug|Any CPU
		{899596EA-C646-469F-AA6F-D94FDF89120A}.Debug|Any CPU.Build.0 = Debug|Any CPU
		{899596EA-C646-469F-AA6F-D94FDF89120A}.Release|Any CPU.ActiveCfg = Release|Any CPU
		{899596EA-C646-469F-AA6F-D94FDF89120A}.Release|Any CPU.Build.0 = Release|Any CPU
	EndGlobalSection
	GlobalSection(SolutionProperties) = preSolution
		HideSolutionNode = FALSE
	EndGlobalSection
	GlobalSection(ExtensibilityGlobals) = postSolution
		SolutionGuid = {F7E675FF-B34D-4FF6-A964-25D457A2E85D}
	EndGlobalSection
EndGlobal
