
Microsoft Visual Studio Solution File, Format Version 12.00
# Visual Studio Version 16
VisualStudioVersion = 16.0.33328.57
MinimumVisualStudioVersion = 10.0.40219.1
Project("{FAE04EC0-301F-11D3-BF4B-00C04F79EFBC}") = "Task_04", "Task_04.csproj", "{287DA86A-AB01-40F5-8B54-06D6AB231AF7}"
EndProject
Global
	GlobalSection(SolutionConfigurationPlatforms) = preSolution
		Debug|Any CPU = Debug|Any CPU
		Release|Any CPU = Release|Any CPU
	EndGlobalSection
	GlobalSection(ProjectConfigurationPlatforms) = postSolution
		{287DA86A-AB01-40F5-8B54-06D6AB231AF7}.Debug|Any CPU.ActiveCfg = Debug|Any CPU
		{287DA86A-AB01-40F5-8B54-06D6AB231AF7}.Debug|Any CPU.Build.0 = Debug|Any CPU
		{287DA86A-AB01-40F5-8B54-06D6AB231AF7}.Release|Any CPU.ActiveCfg = Release|Any CPU
		{287DA86A-AB01-40F5-8B54-06D6AB231AF7}.Release|Any CPU.Build.0 = Release|Any CPU
	EndGlobalSection
	GlobalSection(SolutionProperties) = preSolution
		HideSolutionNode = FALSE
	EndGlobalSection
	GlobalSection(ExtensibilityGlobals) = postSolution
		SolutionGuid = {0493606A-E18A-46F0-BC5E-8E229BD3E7F2}
	EndGlobalSection
EndGlobal
